{
  "version": 2,
  "dependencies": {
    "net8.0": {
      "Discord.Net": {
        "type": "Direct",
        "requested": "[3.15.0, )",
        "resolved": "3.15.0",
        "contentHash": "se3nn/qygjo/3HQ4CpwTzgsZmFRn1poDxqSICLVqQnNEWu0DgTMavwIc4GNrnTK5jY12Z3X42EvM+RgrIIL/bQ==",
        "dependencies": {
          "Discord.Net.Commands": "3.15.0",
          "Discord.Net.Core": "3.15.0",
          "Discord.Net.Interactions": "3.15.0",
          "Discord.Net.Rest": "3.15.0",
          "Discord.Net.WebSocket": "3.15.0",
          "Discord.Net.Webhook": "3.15.0"
        }
      },
      "GitVersion.MsBuild": {
        "type": "Direct",
        "requested": "[5.12.0, )",
        "resolved": "5.12.0",
        "contentHash": "dJuigXycpJNOiLT9or7mkHSkGFHgGW3/p6cNNYEKZBa7Hhp1FdX/cvqYWWYhRLpfoZOedeA7aRbYiOB3vW/dvA=="
      },
      "Discord.Net.Commands": {
        "type": "Transitive",
        "resolved": "3.15.0",
        "contentHash": "0kjzJGvX1pgOmLCQa1BVcynRbuZ66CTpDGpZvR/WED9EQlwP5hQHeL1kyMOm0lzp9qwAVgA7N4AcJ8JDHsaQ6Q==",
        "dependencies": {
          "Discord.Net.Core": "3.15.0"
        }
      },
      "Discord.Net.Core": {
        "type": "Transitive",
        "resolved": "3.15.0",
        "contentHash": "hEwKaZ7lqLSpG7SEon6x1BkC/JSjHfjHWQ+9wZ2IcE+0fdnD/bC5QkIpJQDA3mqYb6HAlymoA6zIPnMpufsJDQ==",
        "dependencies": {
          "Newtonsoft.Json": "13.0.3",
          "System.Collections.Immutable": "6.0.0",
          "System.Interactive.Async": "6.0.1",
          "System.ValueTuple": "4.5.0"
        }
      },
      "Discord.Net.Interactions": {
        "type": "Transitive",
        "resolved": "3.15.0",
        "contentHash": "zK4bQ9oOlY8AGepqQWXGH8zaZE8fLHxRjFVH22zNJl+VKbRH5goaLhyZBDuOaZIYEIKK73c5+rkMsRHGau8KRw==",
        "dependencies": {
          "Discord.Net.Core": "3.15.0",
          "Discord.Net.Rest": "3.15.0",
          "Microsoft.Extensions.DependencyInjection.Abstractions": "6.0.0",
          "System.Collections.Immutable": "6.0.0",
          "System.Reactive": "6.0.0"
        }
      },
      "Discord.Net.Rest": {
        "type": "Transitive",
        "resolved": "3.15.0",
        "contentHash": "s2kZAK79+zUhTThjm5YOKqJs/ry7KSRKQPI8EwbYlme5Qz1ACZYQRPmt0t/yHW4utP/hb2AwCw9fNizpmscalQ==",
        "dependencies": {
          "Discord.Net.Core": "3.15.0"
        }
      },
      "Discord.Net.Webhook": {
        "type": "Transitive",
        "resolved": "3.15.0",
        "contentHash": "lI0ss7ccT2vbXsW6hfp/reBS3+DZDrtCpF3dfhlbJSe5G455ElD0y86wXb4DzutpH28uFjijYkHRAzPrbVY2JQ==",
        "dependencies": {
          "Discord.Net.Core": "3.15.0",
          "Discord.Net.Rest": "3.15.0"
        }
      },
      "Discord.Net.WebSocket": {
        "type": "Transitive",
        "resolved": "3.15.0",
        "contentHash": "buVDyNUNWeC8odAeyYNvmFnWXZWnSz7H7KJDaqeRIUhg2QF5ysfoNFClVvtsQUk2x6vUYgg6IQdBOZuaj3B34w==",
        "dependencies": {
          "Discord.Net.Core": "3.15.0",
          "Discord.Net.Rest": "3.15.0"
        }
      },
      "Microsoft.Bcl.AsyncInterfaces": {
        "type": "Transitive",
        "resolved": "6.0.0",
        "contentHash": "UcSjPsst+DfAdJGVDsu346FX0ci0ah+lw3WRtn18NUwEqRt70HaOQ7lI72vy3+1LxtqI3T5GWwV39rQSrCzAeg=="
      },
      "Newtonsoft.Json": {
        "type": "Transitive",
        "resolved": "13.0.3",
        "contentHash": "HrC5BXdl00IP9zeV+0Z848QWPAoCr9P3bDEZguI+gkLcBKAOxix/tLEAAHC+UvDNPv4a2d18lOReHMOagPa+zQ=="
      },
      "System.Collections.Immutable": {
        "type": "Transitive",
        "resolved": "6.0.0",
        "contentHash": "l4zZJ1WU2hqpQQHXz1rvC3etVZN+2DLmQMO79FhOTZHMn8tDRr+WU287sbomD0BETlmKDn0ygUgVy9k5xkkJdA==",
        "dependencies": {
          "System.Runtime.CompilerServices.Unsafe": "6.0.0"
        }
      },
      "System.Interactive.Async": {
        "type": "Transitive",
        "resolved": "6.0.1",
        "contentHash": "f8H1O4ZWDQo344y5NQU76G4SIjWMuKDVXL9OM1dg6K5YZnLkc8iCdQDybBvMcC6ufk61jzXGVAX6UCDu0qDSjA==",
        "dependencies": {
          "System.Linq.Async": "6.0.1"
        }
      },
      "System.Linq.Async": {
        "type": "Transitive",
        "resolved": "6.0.1",
        "contentHash": "0YhHcaroWpQ9UCot3Pizah7ryAzQhNvobLMSxeDIGmnXfkQn8u5owvpOH0K6EVB+z9L7u6Cc4W17Br/+jyttEQ==",
        "dependencies": {
          "Microsoft.Bcl.AsyncInterfaces": "6.0.0"
        }
      },
      "System.Reactive": {
        "type": "Transitive",
        "resolved": "6.0.0",
        "contentHash": "31kfaW4ZupZzPsI5PVe77VhnvFF55qgma7KZr/E0iFTs6fmdhhG8j0mgEx620iLTey1EynOkEfnyTjtNEpJzGw=="
      },
      "System.Runtime.CompilerServices.Unsafe": {
        "type": "Transitive",
        "resolved": "6.0.0",
        "contentHash": "/iUeP3tq1S0XdNNoMz5C9twLSrM/TH+qElHkXWaPvuNOt+99G75NrV0OS2EqHx5wMN7popYjpc8oTjC1y16DLg=="
      },
      "System.ValueTuple": {
        "type": "Transitive",
        "resolved": "4.5.0",
        "contentHash": "okurQJO6NRE/apDIP23ajJ0hpiNmJ+f0BwOlB/cSqTLQlw5upkf+5+96+iG2Jw40G1fCVCyPz/FhIABUjMR+RQ=="
      },
      "Microsoft.Extensions.DependencyInjection.Abstractions": {
        "type": "CentralTransitive",
        "requested": "[8.0.1, )",
        "resolved": "6.0.0",
        "contentHash": "xlzi2IYREJH3/m6+lUrQlujzX8wDitm4QGnUu6kUXTQAWPuZY8i+ticFJbzfqaetLA6KR/rO6Ew/HuYD+bxifg=="
      }
    },
    "net8.0/linux-arm64": {},
    "net8.0/linux-x64": {},
    "net8.0/osx-arm64": {},
    "net8.0/osx-x64": {},
    "net8.0/win-arm64": {},
    "net8.0/win-x64": {}
  }
}