
Microsoft Visual Studio Solution File, Format Version 12.00
# Visual Studio Version 17
VisualStudioVersion = 17.0.31903.59
MinimumVisualStudioVersion = 10.0.40219.1
Project("{FAE04EC0-301F-11D3-BF4B-00C04F79EFBC}") = "App", "src\App\App.csproj", "{145219A6-70BF-4519-9049-63AC02DD4461}"
EndProject
Project("{FAE04EC0-301F-11D3-BF4B-00C04F79EFBC}") = "Lib", "src\Lib\Lib.csproj", "{35D6B9D5-A312-4E94-A1D9-20627E734C14}"
EndProject
Project("{FAE04EC0-301F-11D3-BF4B-00C04F79EFBC}") = "Lib.Services", "src\Lib.Services\Lib.Services.csproj", "{0995AF96-384F-4AC4-A6CB-B6E7515373D6}"
EndProject
Project("{FAE04EC0-301F-11D3-BF4B-00C04F79EFBC}") = "GeniusService", "src\GeniusService\GeniusService.csproj", "{9BF04232-A24D-45F4-924F-EEDFFE54A64C}"
EndProject
Project("{FAE04EC0-301F-11D3-BF4B-00C04F79EFBC}") = "Hosting", "src\Hosting\Hosting.csproj", "{9BEC5234-16A0-48B6-82C7-68FEEF170BA4}"
EndProject
Project("{FAE04EC0-301F-11D3-BF4B-00C04F79EFBC}") = "Database", "src\Database\Database.csproj", "{00375D56-0DA9-44D0-9D2F-398F345EF34F}"
EndProject
Project("{2150E333-8FDC-42A3-9474-1A3956D46DE8}") = "Database", "Database", "{04E50D37-1D09-4981-B987-16F8BF0442BD}"
EndProject
Project("{FAE04EC0-301F-11D3-BF4B-00C04F79EFBC}") = "DatabaseDesign", "src\DatabaseDesign\DatabaseDesign.csproj", "{C36112D0-524F-497C-A00B-A359259E3406}"
EndProject
Project("{2150E333-8FDC-42A3-9474-1A3956D46DE8}") = "Libraries", "Libraries", "{8F604691-9A47-47E3-B92E-3F6758BAD0A0}"
EndProject
Global
	GlobalSection(SolutionConfigurationPlatforms) = preSolution
		Debug|Any CPU = Debug|Any CPU
		Release|Any CPU = Release|Any CPU
	EndGlobalSection
	GlobalSection(SolutionProperties) = preSolution
		HideSolutionNode = FALSE
	EndGlobalSection
	GlobalSection(ProjectConfigurationPlatforms) = postSolution
		{145219A6-70BF-4519-9049-63AC02DD4461}.Debug|Any CPU.ActiveCfg = Debug|Any CPU
		{145219A6-70BF-4519-9049-63AC02DD4461}.Debug|Any CPU.Build.0 = Debug|Any CPU
		{145219A6-70BF-4519-9049-63AC02DD4461}.Release|Any CPU.ActiveCfg = Release|Any CPU
		{145219A6-70BF-4519-9049-63AC02DD4461}.Release|Any CPU.Build.0 = Release|Any CPU
		{35D6B9D5-A312-4E94-A1D9-20627E734C14}.Debug|Any CPU.ActiveCfg = Debug|Any CPU
		{35D6B9D5-A312-4E94-A1D9-20627E734C14}.Debug|Any CPU.Build.0 = Debug|Any CPU
		{35D6B9D5-A312-4E94-A1D9-20627E734C14}.Release|Any CPU.ActiveCfg = Release|Any CPU
		{35D6B9D5-A312-4E94-A1D9-20627E734C14}.Release|Any CPU.Build.0 = Release|Any CPU
		{0995AF96-384F-4AC4-A6CB-B6E7515373D6}.Debug|Any CPU.ActiveCfg = Debug|Any CPU
		{0995AF96-384F-4AC4-A6CB-B6E7515373D6}.Debug|Any CPU.Build.0 = Debug|Any CPU
		{0995AF96-384F-4AC4-A6CB-B6E7515373D6}.Release|Any CPU.ActiveCfg = Release|Any CPU
		{0995AF96-384F-4AC4-A6CB-B6E7515373D6}.Release|Any CPU.Build.0 = Release|Any CPU
		{9BF04232-A24D-45F4-924F-EEDFFE54A64C}.Debug|Any CPU.ActiveCfg = Debug|Any CPU
		{9BF04232-A24D-45F4-924F-EEDFFE54A64C}.Debug|Any CPU.Build.0 = Debug|Any CPU
		{9BF04232-A24D-45F4-924F-EEDFFE54A64C}.Release|Any CPU.ActiveCfg = Release|Any CPU
		{9BF04232-A24D-45F4-924F-EEDFFE54A64C}.Release|Any CPU.Build.0 = Release|Any CPU
		{9BEC5234-16A0-48B6-82C7-68FEEF170BA4}.Debug|Any CPU.ActiveCfg = Debug|Any CPU
		{9BEC5234-16A0-48B6-82C7-68FEEF170BA4}.Debug|Any CPU.Build.0 = Debug|Any CPU
		{9BEC5234-16A0-48B6-82C7-68FEEF170BA4}.Release|Any CPU.ActiveCfg = Release|Any CPU
		{9BEC5234-16A0-48B6-82C7-68FEEF170BA4}.Release|Any CPU.Build.0 = Release|Any CPU
		{00375D56-0DA9-44D0-9D2F-398F345EF34F}.Debug|Any CPU.ActiveCfg = Debug|Any CPU
		{00375D56-0DA9-44D0-9D2F-398F345EF34F}.Debug|Any CPU.Build.0 = Debug|Any CPU
		{00375D56-0DA9-44D0-9D2F-398F345EF34F}.Release|Any CPU.ActiveCfg = Release|Any CPU
		{00375D56-0DA9-44D0-9D2F-398F345EF34F}.Release|Any CPU.Build.0 = Release|Any CPU
		{C36112D0-524F-497C-A00B-A359259E3406}.Debug|Any CPU.ActiveCfg = Debug|Any CPU
		{C36112D0-524F-497C-A00B-A359259E3406}.Debug|Any CPU.Build.0 = Debug|Any CPU
		{C36112D0-524F-497C-A00B-A359259E3406}.Release|Any CPU.ActiveCfg = Release|Any CPU
		{C36112D0-524F-497C-A00B-A359259E3406}.Release|Any CPU.Build.0 = Release|Any CPU
	EndGlobalSection
	GlobalSection(NestedProjects) = preSolution
		{0995AF96-384F-4AC4-A6CB-B6E7515373D6} = {8F604691-9A47-47E3-B92E-3F6758BAD0A0}
		{35D6B9D5-A312-4E94-A1D9-20627E734C14} = {8F604691-9A47-47E3-B92E-3F6758BAD0A0}
		{9BEC5234-16A0-48B6-82C7-68FEEF170BA4} = {8F604691-9A47-47E3-B92E-3F6758BAD0A0}
		{00375D56-0DA9-44D0-9D2F-398F345EF34F} = {04E50D37-1D09-4981-B987-16F8BF0442BD}
		{C36112D0-524F-497C-A00B-A359259E3406} = {04E50D37-1D09-4981-B987-16F8BF0442BD}
	EndGlobalSection
EndGlobal
